
Microsoft Visual Studio Solution File, Format Version 12.00
# Visual Studio 15
VisualStudioVersion = 15.0.27703.2000
MinimumVisualStudioVersion = 10.0.40219.1
Project("{FAE04EC0-301F-11D3-BF4B-00C04F79EFBC}") = "CashRegister", "CashRegister.csproj", "{107CA237-0287-4A41-B628-10EEB8339FBE}"
EndProject
Global
	GlobalSection(SolutionConfigurationPlatforms) = preSolution
		Debug|Any CPU = Debug|Any CPU
		Release|Any CPU = Release|Any CPU
	EndGlobalSection
	GlobalSection(ProjectConfigurationPlatforms) = postSolution
		{107CA237-0287-4A41-B628-10EEB8339FBE}.Debug|Any CPU.ActiveCfg = Debug|Any CPU
		{107CA237-0287-4A41-B628-10EEB8339FBE}.Debug|Any CPU.Build.0 = Debug|Any CPU
		{107CA237-0287-4A41-B628-10EEB8339FBE}.Release|Any CPU.ActiveCfg = Release|Any CPU
		{107CA237-0287-4A41-B628-10EEB8339FBE}.Release|Any CPU.Build.0 = Release|Any CPU
	EndGlobalSection
	GlobalSection(SolutionProperties) = preSolution
		HideSolutionNode = FALSE
	EndGlobalSection
	GlobalSection(ExtensibilityGlobals) = postSolution
		SolutionGuid = {8CD2FA52-D3EE-4BE0-A1A0-4DA7FEFA395D}
	EndGlobalSection
EndGlobal
