
Microsoft Visual Studio Solution File, Format Version 12.00
# Visual Studio 2013
VisualStudioVersion = 12.0.40629.0
MinimumVisualStudioVersion = 10.0.40219.1
Project("{2150E333-8FDC-42A3-9474-1A3956D46DE8}") = ".nuget", ".nuget", "{4D922970-AEBC-451E-B593-A47A214D36E5}"
EndProject
Project("{2150E333-8FDC-42A3-9474-1A3956D46DE8}") = "Solution Items", "Solution Items", "{76577D11-62A8-4F4D-B02B-ADA401368093}"
	ProjectSection(SolutionItems) = preProject
		README.md = README.md
	EndProjectSection
EndProject
Project("{FAE04EC0-301F-11D3-BF4B-00C04F79EFBC}") = "CreativeCashDrawSolutions.CreativeCashDrawSolutionsTest", "CreativeCashDrawSolutionsTest\CreativeCashDrawSolutions.CreativeCashDrawSolutionsTest.csproj", "{AF8B7AAB-6062-4624-A24A-C22934A63FAB}"
EndProject
Project("{FAE04EC0-301F-11D3-BF4B-00C04F79EFBC}") = "CreativeCashDrawSolutions.Entities", "CreativeCashDrawSolutions.Entities\CreativeCashDrawSolutions.Entities.csproj", "{79CA95B6-DBCD-4ECF-9A3F-513251778A17}"
EndProject
Project("{FAE04EC0-301F-11D3-BF4B-00C04F79EFBC}") = "CreativeCashDrawSolutions.Domain", "CreativeCashDrawSolutions.Domain\CreativeCashDrawSolutions.Domain.csproj", "{1F6E8421-6D3A-490C-B770-2868AE7FA8DA}"
EndProject
Project("{FAE04EC0-301F-11D3-BF4B-00C04F79EFBC}") = "CreativeCashDrawSolutions.Entities.Test", "CreativeCashDrawSolutions.Entities.Test\CreativeCashDrawSolutions.Entities.Test.csproj", "{C592C19A-D482-40A6-B4C9-313FF68F8F50}"
EndProject
Project("{FAE04EC0-301F-11D3-BF4B-00C04F79EFBC}") = "CreativeCashDrawSolutions.Domain.Test", "CreativeCashDrawSolutions.Domain.Test\CreativeCashDrawSolutions.Domain.Test.csproj", "{6F800EBA-429B-4AA9-8BCC-A399DBA98CEC}"
EndProject
Global
	GlobalSection(SolutionConfigurationPlatforms) = preSolution
		Debug|Any CPU = Debug|Any CPU
		Release|Any CPU = Release|Any CPU
	EndGlobalSection
	GlobalSection(ProjectConfigurationPlatforms) = postSolution
		{AF8B7AAB-6062-4624-A24A-C22934A63FAB}.Debug|Any CPU.ActiveCfg = Debug|Any CPU
		{AF8B7AAB-6062-4624-A24A-C22934A63FAB}.Debug|Any CPU.Build.0 = Debug|Any CPU
		{AF8B7AAB-6062-4624-A24A-C22934A63FAB}.Release|Any CPU.ActiveCfg = Release|Any CPU
		{AF8B7AAB-6062-4624-A24A-C22934A63FAB}.Release|Any CPU.Build.0 = Release|Any CPU
		{79CA95B6-DBCD-4ECF-9A3F-513251778A17}.Debug|Any CPU.ActiveCfg = Debug|Any CPU
		{79CA95B6-DBCD-4ECF-9A3F-513251778A17}.Debug|Any CPU.Build.0 = Debug|Any CPU
		{79CA95B6-DBCD-4ECF-9A3F-513251778A17}.Release|Any CPU.ActiveCfg = Release|Any CPU
		{79CA95B6-DBCD-4ECF-9A3F-513251778A17}.Release|Any CPU.Build.0 = Release|Any CPU
		{1F6E8421-6D3A-490C-B770-2868AE7FA8DA}.Debug|Any CPU.ActiveCfg = Debug|Any CPU
		{1F6E8421-6D3A-490C-B770-2868AE7FA8DA}.Debug|Any CPU.Build.0 = Debug|Any CPU
		{1F6E8421-6D3A-490C-B770-2868AE7FA8DA}.Release|Any CPU.ActiveCfg = Release|Any CPU
		{1F6E8421-6D3A-490C-B770-2868AE7FA8DA}.Release|Any CPU.Build.0 = Release|Any CPU
		{C592C19A-D482-40A6-B4C9-313FF68F8F50}.Debug|Any CPU.ActiveCfg = Debug|Any CPU
		{C592C19A-D482-40A6-B4C9-313FF68F8F50}.Debug|Any CPU.Build.0 = Debug|Any CPU
		{C592C19A-D482-40A6-B4C9-313FF68F8F50}.Release|Any CPU.ActiveCfg = Release|Any CPU
		{C592C19A-D482-40A6-B4C9-313FF68F8F50}.Release|Any CPU.Build.0 = Release|Any CPU
		{6F800EBA-429B-4AA9-8BCC-A399DBA98CEC}.Debug|Any CPU.ActiveCfg = Debug|Any CPU
		{6F800EBA-429B-4AA9-8BCC-A399DBA98CEC}.Debug|Any CPU.Build.0 = Debug|Any CPU
		{6F800EBA-429B-4AA9-8BCC-A399DBA98CEC}.Release|Any CPU.ActiveCfg = Release|Any CPU
		{6F800EBA-429B-4AA9-8BCC-A399DBA98CEC}.Release|Any CPU.Build.0 = Release|Any CPU
	EndGlobalSection
	GlobalSection(SolutionProperties) = preSolution
		HideSolutionNode = FALSE
	EndGlobalSection
EndGlobal
