
Microsoft Visual Studio Solution File, Format Version 12.00
# Visual Studio 2012
Project("{FAE04EC0-301F-11D3-BF4B-00C04F79EFBC}") = "CashRegister", "CashRegister\CashRegister.csproj", "{B8285489-E679-4439-8F59-591B2C505082}"
EndProject
Project("{FAE04EC0-301F-11D3-BF4B-00C04F79EFBC}") = "CashRegister.BL", "CashRegister.BL\CashRegister.BL.csproj", "{8A143679-ACDE-4805-A865-BA3DA482CB64}"
EndProject
Project("{FAE04EC0-301F-11D3-BF4B-00C04F79EFBC}") = "CashRegister.Tests", "CashRegister.Tests\CashRegister.Tests.csproj", "{400FF645-EA9B-470F-9334-5D4F118BF1CB}"
EndProject
Global
	GlobalSection(SolutionConfigurationPlatforms) = preSolution
		Debug|Any CPU = Debug|Any CPU
		Release|Any CPU = Release|Any CPU
	EndGlobalSection
	GlobalSection(ProjectConfigurationPlatforms) = postSolution
		{B8285489-E679-4439-8F59-591B2C505082}.Debug|Any CPU.ActiveCfg = Debug|Any CPU
		{B8285489-E679-4439-8F59-591B2C505082}.Debug|Any CPU.Build.0 = Debug|Any CPU
		{B8285489-E679-4439-8F59-591B2C505082}.Release|Any CPU.ActiveCfg = Release|Any CPU
		{B8285489-E679-4439-8F59-591B2C505082}.Release|Any CPU.Build.0 = Release|Any CPU
		{8A143679-ACDE-4805-A865-BA3DA482CB64}.Debug|Any CPU.ActiveCfg = Debug|Any CPU
		{8A143679-ACDE-4805-A865-BA3DA482CB64}.Debug|Any CPU.Build.0 = Debug|Any CPU
		{8A143679-ACDE-4805-A865-BA3DA482CB64}.Release|Any CPU.ActiveCfg = Release|Any CPU
		{8A143679-ACDE-4805-A865-BA3DA482CB64}.Release|Any CPU.Build.0 = Release|Any CPU
		{400FF645-EA9B-470F-9334-5D4F118BF1CB}.Debug|Any CPU.ActiveCfg = Debug|Any CPU
		{400FF645-EA9B-470F-9334-5D4F118BF1CB}.Debug|Any CPU.Build.0 = Debug|Any CPU
		{400FF645-EA9B-470F-9334-5D4F118BF1CB}.Release|Any CPU.ActiveCfg = Release|Any CPU
		{400FF645-EA9B-470F-9334-5D4F118BF1CB}.Release|Any CPU.Build.0 = Release|Any CPU
	EndGlobalSection
EndGlobal
