
Microsoft Visual Studio Solution File, Format Version 12.00
# Visual Studio 14
VisualStudioVersion = 14.0.25420.1
MinimumVisualStudioVersion = 10.0.40219.1
Project("{FAE04EC0-301F-11D3-BF4B-00C04F79EFBC}") = "CashRegister", "CashRegister.csproj", "{445C2619-E3BD-43FA-BBC0-00A17CFF4CD0}"
EndProject
Project("{FAE04EC0-301F-11D3-BF4B-00C04F79EFBC}") = "CashRegisterTests", "CashRegisterTests\CashRegisterTests.csproj", "{87CC3B65-B0FD-499C-9758-B008E1F92D38}"
EndProject
Global
	GlobalSection(SolutionConfigurationPlatforms) = preSolution
		Debug|Any CPU = Debug|Any CPU
		Release|Any CPU = Release|Any CPU
	EndGlobalSection
	GlobalSection(ProjectConfigurationPlatforms) = postSolution
		{445C2619-E3BD-43FA-BBC0-00A17CFF4CD0}.Debug|Any CPU.ActiveCfg = Debug|Any CPU
		{445C2619-E3BD-43FA-BBC0-00A17CFF4CD0}.Debug|Any CPU.Build.0 = Debug|Any CPU
		{445C2619-E3BD-43FA-BBC0-00A17CFF4CD0}.Release|Any CPU.ActiveCfg = Release|Any CPU
		{445C2619-E3BD-43FA-BBC0-00A17CFF4CD0}.Release|Any CPU.Build.0 = Release|Any CPU
		{87CC3B65-B0FD-499C-9758-B008E1F92D38}.Debug|Any CPU.ActiveCfg = Debug|Any CPU
		{87CC3B65-B0FD-499C-9758-B008E1F92D38}.Debug|Any CPU.Build.0 = Debug|Any CPU
		{87CC3B65-B0FD-499C-9758-B008E1F92D38}.Release|Any CPU.ActiveCfg = Release|Any CPU
		{87CC3B65-B0FD-499C-9758-B008E1F92D38}.Release|Any CPU.Build.0 = Release|Any CPU
	EndGlobalSection
	GlobalSection(SolutionProperties) = preSolution
		HideSolutionNode = FALSE
	EndGlobalSection
EndGlobal
