
Microsoft Visual Studio Solution File, Format Version 12.00
# Visual Studio 15
VisualStudioVersion = 15.0.28010.0
MinimumVisualStudioVersion = 10.0.40219.1
Project("{FAE04EC0-301F-11D3-BF4B-00C04F79EFBC}") = "CCDS", "CCDS.csproj", "{5BFFC533-676E-4025-83F5-D7B2ACF25C0D}"
EndProject
Global
	GlobalSection(SolutionConfigurationPlatforms) = preSolution
		Debug|Any CPU = Debug|Any CPU
		Release|Any CPU = Release|Any CPU
	EndGlobalSection
	GlobalSection(ProjectConfigurationPlatforms) = postSolution
		{5BFFC533-676E-4025-83F5-D7B2ACF25C0D}.Debug|Any CPU.ActiveCfg = Debug|Any CPU
		{5BFFC533-676E-4025-83F5-D7B2ACF25C0D}.Debug|Any CPU.Build.0 = Debug|Any CPU
		{5BFFC533-676E-4025-83F5-D7B2ACF25C0D}.Release|Any CPU.ActiveCfg = Release|Any CPU
		{5BFFC533-676E-4025-83F5-D7B2ACF25C0D}.Release|Any CPU.Build.0 = Release|Any CPU
	EndGlobalSection
	GlobalSection(SolutionProperties) = preSolution
		HideSolutionNode = FALSE
	EndGlobalSection
	GlobalSection(ExtensibilityGlobals) = postSolution
		SolutionGuid = {57F2D4AA-0945-4933-AF26-95DE9B5D79AC}
	EndGlobalSection
EndGlobal
