
Microsoft Visual Studio Solution File, Format Version 12.00
# Visual Studio 15
VisualStudioVersion = 15.0.26430.12
MinimumVisualStudioVersion = 10.0.40219.1
Project("{FAE04EC0-301F-11D3-BF4B-00C04F79EFBC}") = "Changemaker", "Changemaker\Changemaker.csproj", "{463CE1AB-ADFC-4D5B-A9E9-4E2F8D4E3EA1}"
EndProject
Project("{FAE04EC0-301F-11D3-BF4B-00C04F79EFBC}") = "ChangemakerFileIO", "ChangemakerFileIO\ChangemakerFileIO.csproj", "{F224BCC3-D805-4DE6-8069-F3FF7A57254C}"
EndProject
Project("{FAE04EC0-301F-11D3-BF4B-00C04F79EFBC}") = "Common", "Common\Common.csproj", "{40303220-25B3-4E9B-9451-D9081255E6BB}"
EndProject
Global
	GlobalSection(SolutionConfigurationPlatforms) = preSolution
		Debug|Any CPU = Debug|Any CPU
		Release|Any CPU = Release|Any CPU
	EndGlobalSection
	GlobalSection(ProjectConfigurationPlatforms) = postSolution
		{463CE1AB-ADFC-4D5B-A9E9-4E2F8D4E3EA1}.Debug|Any CPU.ActiveCfg = Debug|Any CPU
		{463CE1AB-ADFC-4D5B-A9E9-4E2F8D4E3EA1}.Debug|Any CPU.Build.0 = Debug|Any CPU
		{463CE1AB-ADFC-4D5B-A9E9-4E2F8D4E3EA1}.Release|Any CPU.ActiveCfg = Release|Any CPU
		{463CE1AB-ADFC-4D5B-A9E9-4E2F8D4E3EA1}.Release|Any CPU.Build.0 = Release|Any CPU
		{F224BCC3-D805-4DE6-8069-F3FF7A57254C}.Debug|Any CPU.ActiveCfg = Debug|Any CPU
		{F224BCC3-D805-4DE6-8069-F3FF7A57254C}.Debug|Any CPU.Build.0 = Debug|Any CPU
		{F224BCC3-D805-4DE6-8069-F3FF7A57254C}.Release|Any CPU.ActiveCfg = Release|Any CPU
		{F224BCC3-D805-4DE6-8069-F3FF7A57254C}.Release|Any CPU.Build.0 = Release|Any CPU
		{40303220-25B3-4E9B-9451-D9081255E6BB}.Debug|Any CPU.ActiveCfg = Debug|Any CPU
		{40303220-25B3-4E9B-9451-D9081255E6BB}.Debug|Any CPU.Build.0 = Debug|Any CPU
		{40303220-25B3-4E9B-9451-D9081255E6BB}.Release|Any CPU.ActiveCfg = Release|Any CPU
		{40303220-25B3-4E9B-9451-D9081255E6BB}.Release|Any CPU.Build.0 = Release|Any CPU
	EndGlobalSection
	GlobalSection(SolutionProperties) = preSolution
		HideSolutionNode = FALSE
	EndGlobalSection
EndGlobal
