
Microsoft Visual Studio Solution File, Format Version 12.00
# Visual Studio Version 16
VisualStudioVersion = 16.0.29123.88
MinimumVisualStudioVersion = 10.0.40219.1
Project("{FAE04EC0-301F-11D3-BF4B-00C04F79EFBC}") = "CCDS.CashRegister", "CCDS.CashRegister\CCDS.CashRegister.csproj", "{76E2A955-C089-46C7-B46D-CE636450F2EC}"
EndProject
Global
	GlobalSection(SolutionConfigurationPlatforms) = preSolution
		Debug|Any CPU = Debug|Any CPU
		Release|Any CPU = Release|Any CPU
	EndGlobalSection
	GlobalSection(ProjectConfigurationPlatforms) = postSolution
		{76E2A955-C089-46C7-B46D-CE636450F2EC}.Debug|Any CPU.ActiveCfg = Debug|Any CPU
		{76E2A955-C089-46C7-B46D-CE636450F2EC}.Debug|Any CPU.Build.0 = Debug|Any CPU
		{76E2A955-C089-46C7-B46D-CE636450F2EC}.Release|Any CPU.ActiveCfg = Release|Any CPU
		{76E2A955-C089-46C7-B46D-CE636450F2EC}.Release|Any CPU.Build.0 = Release|Any CPU
	EndGlobalSection
	GlobalSection(SolutionProperties) = preSolution
		HideSolutionNode = FALSE
	EndGlobalSection
	GlobalSection(ExtensibilityGlobals) = postSolution
		SolutionGuid = {33F13383-C1C2-4156-9EAB-324F109D1F6A}
	EndGlobalSection
EndGlobal
